
Microsoft Visual Studio Solution File, Format Version 12.00
# Visual Studio Version 16
VisualStudioVersion = 16.0.31702.278
MinimumVisualStudioVersion = 10.0.40219.1
Project("{9A19103F-16F7-4668-BE54-9A1E7A4F7556}") = "LongestIncSubseqApi", "LongestIncSubseqApi\LongestIncSubseqApi.csproj", "{CB9971FF-3B46-41E9-87AA-6FFC1903134C}"
EndProject
Project("{9A19103F-16F7-4668-BE54-9A1E7A4F7556}") = "LISApiTest", "LISApiTest\LISApiTest.csproj", "{4BA16504-CB42-4DB2-A019-3D2AD579405A}"
EndProject
Global
	GlobalSection(SolutionConfigurationPlatforms) = preSolution
		Debug|Any CPU = Debug|Any CPU
		Release|Any CPU = Release|Any CPU
	EndGlobalSection
	GlobalSection(ProjectConfigurationPlatforms) = postSolution
		{CB9971FF-3B46-41E9-87AA-6FFC1903134C}.Debug|Any CPU.ActiveCfg = Debug|Any CPU
		{CB9971FF-3B46-41E9-87AA-6FFC1903134C}.Debug|Any CPU.Build.0 = Debug|Any CPU
		{CB9971FF-3B46-41E9-87AA-6FFC1903134C}.Release|Any CPU.ActiveCfg = Release|Any CPU
		{CB9971FF-3B46-41E9-87AA-6FFC1903134C}.Release|Any CPU.Build.0 = Release|Any CPU
		{4BA16504-CB42-4DB2-A019-3D2AD579405A}.Debug|Any CPU.ActiveCfg = Debug|Any CPU
		{4BA16504-CB42-4DB2-A019-3D2AD579405A}.Debug|Any CPU.Build.0 = Debug|Any CPU
		{4BA16504-CB42-4DB2-A019-3D2AD579405A}.Release|Any CPU.ActiveCfg = Release|Any CPU
		{4BA16504-CB42-4DB2-A019-3D2AD579405A}.Release|Any CPU.Build.0 = Release|Any CPU
	EndGlobalSection
	GlobalSection(SolutionProperties) = preSolution
		HideSolutionNode = FALSE
	EndGlobalSection
	GlobalSection(ExtensibilityGlobals) = postSolution
		SolutionGuid = {D03E71F6-25FD-426F-B4C6-C99C76F61F81}
	EndGlobalSection
EndGlobal
